
Microsoft Visual Studio Solution File, Format Version 12.00
# Visual Studio 15
VisualStudioVersion = 15.0.28307.852
MinimumVisualStudioVersion = 10.0.40219.1
Project("{FAE04EC0-301F-11D3-BF4B-00C04F79EFBC}") = "nameAndGrade", "nameAndGrade\nameAndGrade.csproj", "{457C7CAB-FD65-42DF-B5D0-9D9E42AF17F0}"
EndProject
Global
	GlobalSection(SolutionConfigurationPlatforms) = preSolution
		Debug|Any CPU = Debug|Any CPU
		Release|Any CPU = Release|Any CPU
	EndGlobalSection
	GlobalSection(ProjectConfigurationPlatforms) = postSolution
		{457C7CAB-FD65-42DF-B5D0-9D9E42AF17F0}.Debug|Any CPU.ActiveCfg = Debug|Any CPU
		{457C7CAB-FD65-42DF-B5D0-9D9E42AF17F0}.Debug|Any CPU.Build.0 = Debug|Any CPU
		{457C7CAB-FD65-42DF-B5D0-9D9E42AF17F0}.Release|Any CPU.ActiveCfg = Release|Any CPU
		{457C7CAB-FD65-42DF-B5D0-9D9E42AF17F0}.Release|Any CPU.Build.0 = Release|Any CPU
	EndGlobalSection
	GlobalSection(SolutionProperties) = preSolution
		HideSolutionNode = FALSE
	EndGlobalSection
	GlobalSection(ExtensibilityGlobals) = postSolution
		SolutionGuid = {0EC69CA0-21E0-4C19-A866-7579C0142221}
	EndGlobalSection
EndGlobal
