
Microsoft Visual Studio Solution File, Format Version 12.00
# Visual Studio 15
VisualStudioVersion = 15.0.28307.852
MinimumVisualStudioVersion = 10.0.40219.1
Project("{FAE04EC0-301F-11D3-BF4B-00C04F79EFBC}") = "FireRangeAutomation System", "FireRangeAutomation System\FireRangeAutomation System.csproj", "{2FC55B6A-E1AF-4902-8428-9C59AC7BDB93}"
EndProject
Global
	GlobalSection(SolutionConfigurationPlatforms) = preSolution
		Debug|Any CPU = Debug|Any CPU
		Release|Any CPU = Release|Any CPU
	EndGlobalSection
	GlobalSection(ProjectConfigurationPlatforms) = postSolution
		{2FC55B6A-E1AF-4902-8428-9C59AC7BDB93}.Debug|Any CPU.ActiveCfg = Debug|Any CPU
		{2FC55B6A-E1AF-4902-8428-9C59AC7BDB93}.Debug|Any CPU.Build.0 = Debug|Any CPU
		{2FC55B6A-E1AF-4902-8428-9C59AC7BDB93}.Release|Any CPU.ActiveCfg = Release|Any CPU
		{2FC55B6A-E1AF-4902-8428-9C59AC7BDB93}.Release|Any CPU.Build.0 = Release|Any CPU
	EndGlobalSection
	GlobalSection(SolutionProperties) = preSolution
		HideSolutionNode = FALSE
	EndGlobalSection
	GlobalSection(ExtensibilityGlobals) = postSolution
		SolutionGuid = {00F314FF-01F5-41F9-BF90-72400E45974D}
	EndGlobalSection
EndGlobal
